
Microsoft Visual Studio Solution File, Format Version 12.00
# Visual Studio 15
VisualStudioVersion = 15.0.28307.572
MinimumVisualStudioVersion = 10.0.40219.1
Project("{FAE04EC0-301F-11D3-BF4B-00C04F79EFBC}") = "1.ReverseStrings", "1.ReverseStrings\1.ReverseStrings.csproj", "{DB257279-F45D-4927-8E8C-E98FB9927835}"
EndProject
Project("{FAE04EC0-301F-11D3-BF4B-00C04F79EFBC}") = "2.RepeatStrings", "2.RepeatStrings\2.RepeatStrings.csproj", "{BF8B77A2-75CD-4ECB-821F-5B5690687B36}"
EndProject
Project("{FAE04EC0-301F-11D3-BF4B-00C04F79EFBC}") = "3.Substring", "3.Substring\3.Substring.csproj", "{FBA51F85-7F51-4A83-A244-8EDA6DA40013}"
EndProject
Project("{FAE04EC0-301F-11D3-BF4B-00C04F79EFBC}") = "4.TextFilter", "4.TextFilter\4.TextFilter.csproj", "{91FC4147-D545-49B2-AF30-E29FE8D432EF}"
EndProject
Project("{FAE04EC0-301F-11D3-BF4B-00C04F79EFBC}") = "5.DigitLetterAndOther", "5.DigitLetterAndOther\5.DigitLetterAndOther.csproj", "{74779992-9856-40F9-9309-34D76E061E5B}"
EndProject
Global
	GlobalSection(SolutionConfigurationPlatforms) = preSolution
		Debug|Any CPU = Debug|Any CPU
		Release|Any CPU = Release|Any CPU
	EndGlobalSection
	GlobalSection(ProjectConfigurationPlatforms) = postSolution
		{DB257279-F45D-4927-8E8C-E98FB9927835}.Debug|Any CPU.ActiveCfg = Debug|Any CPU
		{DB257279-F45D-4927-8E8C-E98FB9927835}.Debug|Any CPU.Build.0 = Debug|Any CPU
		{DB257279-F45D-4927-8E8C-E98FB9927835}.Release|Any CPU.ActiveCfg = Release|Any CPU
		{DB257279-F45D-4927-8E8C-E98FB9927835}.Release|Any CPU.Build.0 = Release|Any CPU
		{BF8B77A2-75CD-4ECB-821F-5B5690687B36}.Debug|Any CPU.ActiveCfg = Debug|Any CPU
		{BF8B77A2-75CD-4ECB-821F-5B5690687B36}.Debug|Any CPU.Build.0 = Debug|Any CPU
		{BF8B77A2-75CD-4ECB-821F-5B5690687B36}.Release|Any CPU.ActiveCfg = Release|Any CPU
		{BF8B77A2-75CD-4ECB-821F-5B5690687B36}.Release|Any CPU.Build.0 = Release|Any CPU
		{FBA51F85-7F51-4A83-A244-8EDA6DA40013}.Debug|Any CPU.ActiveCfg = Debug|Any CPU
		{FBA51F85-7F51-4A83-A244-8EDA6DA40013}.Debug|Any CPU.Build.0 = Debug|Any CPU
		{FBA51F85-7F51-4A83-A244-8EDA6DA40013}.Release|Any CPU.ActiveCfg = Release|Any CPU
		{FBA51F85-7F51-4A83-A244-8EDA6DA40013}.Release|Any CPU.Build.0 = Release|Any CPU
		{91FC4147-D545-49B2-AF30-E29FE8D432EF}.Debug|Any CPU.ActiveCfg = Debug|Any CPU
		{91FC4147-D545-49B2-AF30-E29FE8D432EF}.Debug|Any CPU.Build.0 = Debug|Any CPU
		{91FC4147-D545-49B2-AF30-E29FE8D432EF}.Release|Any CPU.ActiveCfg = Release|Any CPU
		{91FC4147-D545-49B2-AF30-E29FE8D432EF}.Release|Any CPU.Build.0 = Release|Any CPU
		{74779992-9856-40F9-9309-34D76E061E5B}.Debug|Any CPU.ActiveCfg = Debug|Any CPU
		{74779992-9856-40F9-9309-34D76E061E5B}.Debug|Any CPU.Build.0 = Debug|Any CPU
		{74779992-9856-40F9-9309-34D76E061E5B}.Release|Any CPU.ActiveCfg = Release|Any CPU
		{74779992-9856-40F9-9309-34D76E061E5B}.Release|Any CPU.Build.0 = Release|Any CPU
	EndGlobalSection
	GlobalSection(SolutionProperties) = preSolution
		HideSolutionNode = FALSE
	EndGlobalSection
	GlobalSection(ExtensibilityGlobals) = postSolution
		SolutionGuid = {004F9066-0A52-49DA-BBBB-33BF89568C50}
	EndGlobalSection
EndGlobal
