
Microsoft Visual Studio Solution File, Format Version 12.00
# Visual Studio Version 16
VisualStudioVersion = 16.0.29709.97
MinimumVisualStudioVersion = 10.0.40219.1
Project("{9A19103F-16F7-4668-BE54-9A1E7A4F7556}") = "Stealer", "P01.Stealer\Stealer.csproj", "{4BFE0594-7B0A-46B7-A226-B45F1A7A230C}"
EndProject
Project("{FAE04EC0-301F-11D3-BF4B-00C04F79EFBC}") = "HighQuality", "HighQuality\HighQuality.csproj", "{4CD664CD-5A9C-47E7-8346-3C05A862DB22}"
EndProject
Project("{FAE04EC0-301F-11D3-BF4B-00C04F79EFBC}") = "ConstructorDemo", "ConstructorDemo\ConstructorDemo.csproj", "{1CDF854D-C55A-4A44-A450-D781CA791123}"
EndProject
Global
	GlobalSection(SolutionConfigurationPlatforms) = preSolution
		Debug|Any CPU = Debug|Any CPU
		Release|Any CPU = Release|Any CPU
	EndGlobalSection
	GlobalSection(ProjectConfigurationPlatforms) = postSolution
		{4BFE0594-7B0A-46B7-A226-B45F1A7A230C}.Debug|Any CPU.ActiveCfg = Debug|Any CPU
		{4BFE0594-7B0A-46B7-A226-B45F1A7A230C}.Debug|Any CPU.Build.0 = Debug|Any CPU
		{4BFE0594-7B0A-46B7-A226-B45F1A7A230C}.Release|Any CPU.ActiveCfg = Release|Any CPU
		{4BFE0594-7B0A-46B7-A226-B45F1A7A230C}.Release|Any CPU.Build.0 = Release|Any CPU
		{4CD664CD-5A9C-47E7-8346-3C05A862DB22}.Debug|Any CPU.ActiveCfg = Debug|Any CPU
		{4CD664CD-5A9C-47E7-8346-3C05A862DB22}.Debug|Any CPU.Build.0 = Debug|Any CPU
		{4CD664CD-5A9C-47E7-8346-3C05A862DB22}.Release|Any CPU.ActiveCfg = Release|Any CPU
		{4CD664CD-5A9C-47E7-8346-3C05A862DB22}.Release|Any CPU.Build.0 = Release|Any CPU
		{1CDF854D-C55A-4A44-A450-D781CA791123}.Debug|Any CPU.ActiveCfg = Debug|Any CPU
		{1CDF854D-C55A-4A44-A450-D781CA791123}.Debug|Any CPU.Build.0 = Debug|Any CPU
		{1CDF854D-C55A-4A44-A450-D781CA791123}.Release|Any CPU.ActiveCfg = Release|Any CPU
		{1CDF854D-C55A-4A44-A450-D781CA791123}.Release|Any CPU.Build.0 = Release|Any CPU
	EndGlobalSection
	GlobalSection(SolutionProperties) = preSolution
		HideSolutionNode = FALSE
	EndGlobalSection
	GlobalSection(ExtensibilityGlobals) = postSolution
		SolutionGuid = {364BDB5B-DA6B-461F-BF24-010F70588F40}
	EndGlobalSection
EndGlobal
