
Microsoft Visual Studio Solution File, Format Version 12.00
# Visual Studio Version 16
VisualStudioVersion = 16.0.29709.97
MinimumVisualStudioVersion = 10.0.40219.1
Project("{9A19103F-16F7-4668-BE54-9A1E7A4F7556}") = "P01.SingleInheritance", "P01.SingleInheritance\P01.SingleInheritance.csproj", "{9DA75E6B-C43C-4107-9FDB-0960EBAC9549}"
EndProject
Project("{FAE04EC0-301F-11D3-BF4B-00C04F79EFBC}") = "P02.MultipleInheritance", "P02.MultipleInheritance\P02.MultipleInheritance.csproj", "{27D2BA78-FC16-4E66-91FB-1623EAD6F7FB}"
EndProject
Project("{FAE04EC0-301F-11D3-BF4B-00C04F79EFBC}") = "P03.HierarchicalInheritance", "P03.HierarchicalInheritance\P03.HierarchicalInheritance.csproj", "{CEE03A39-EE83-44E9-A908-E82535670DA9}"
EndProject
Project("{FAE04EC0-301F-11D3-BF4B-00C04F79EFBC}") = "P04.RandomList", "P04.RandomList\P04.RandomList.csproj", "{3D66A011-7082-4672-ACFD-02DF7931F1D5}"
EndProject
Project("{FAE04EC0-301F-11D3-BF4B-00C04F79EFBC}") = "P05.StackOfStrings", "P05.StackOfStrings\P05.StackOfStrings.csproj", "{5D93DE99-957E-48CA-BE77-194FCEF31DB6}"
EndProject
Global
	GlobalSection(SolutionConfigurationPlatforms) = preSolution
		Debug|Any CPU = Debug|Any CPU
		Release|Any CPU = Release|Any CPU
	EndGlobalSection
	GlobalSection(ProjectConfigurationPlatforms) = postSolution
		{9DA75E6B-C43C-4107-9FDB-0960EBAC9549}.Debug|Any CPU.ActiveCfg = Debug|Any CPU
		{9DA75E6B-C43C-4107-9FDB-0960EBAC9549}.Debug|Any CPU.Build.0 = Debug|Any CPU
		{9DA75E6B-C43C-4107-9FDB-0960EBAC9549}.Release|Any CPU.ActiveCfg = Release|Any CPU
		{9DA75E6B-C43C-4107-9FDB-0960EBAC9549}.Release|Any CPU.Build.0 = Release|Any CPU
		{27D2BA78-FC16-4E66-91FB-1623EAD6F7FB}.Debug|Any CPU.ActiveCfg = Debug|Any CPU
		{27D2BA78-FC16-4E66-91FB-1623EAD6F7FB}.Debug|Any CPU.Build.0 = Debug|Any CPU
		{27D2BA78-FC16-4E66-91FB-1623EAD6F7FB}.Release|Any CPU.ActiveCfg = Release|Any CPU
		{27D2BA78-FC16-4E66-91FB-1623EAD6F7FB}.Release|Any CPU.Build.0 = Release|Any CPU
		{CEE03A39-EE83-44E9-A908-E82535670DA9}.Debug|Any CPU.ActiveCfg = Debug|Any CPU
		{CEE03A39-EE83-44E9-A908-E82535670DA9}.Debug|Any CPU.Build.0 = Debug|Any CPU
		{CEE03A39-EE83-44E9-A908-E82535670DA9}.Release|Any CPU.ActiveCfg = Release|Any CPU
		{CEE03A39-EE83-44E9-A908-E82535670DA9}.Release|Any CPU.Build.0 = Release|Any CPU
		{3D66A011-7082-4672-ACFD-02DF7931F1D5}.Debug|Any CPU.ActiveCfg = Debug|Any CPU
		{3D66A011-7082-4672-ACFD-02DF7931F1D5}.Debug|Any CPU.Build.0 = Debug|Any CPU
		{3D66A011-7082-4672-ACFD-02DF7931F1D5}.Release|Any CPU.ActiveCfg = Release|Any CPU
		{3D66A011-7082-4672-ACFD-02DF7931F1D5}.Release|Any CPU.Build.0 = Release|Any CPU
		{5D93DE99-957E-48CA-BE77-194FCEF31DB6}.Debug|Any CPU.ActiveCfg = Debug|Any CPU
		{5D93DE99-957E-48CA-BE77-194FCEF31DB6}.Debug|Any CPU.Build.0 = Debug|Any CPU
		{5D93DE99-957E-48CA-BE77-194FCEF31DB6}.Release|Any CPU.ActiveCfg = Release|Any CPU
		{5D93DE99-957E-48CA-BE77-194FCEF31DB6}.Release|Any CPU.Build.0 = Release|Any CPU
	EndGlobalSection
	GlobalSection(SolutionProperties) = preSolution
		HideSolutionNode = FALSE
	EndGlobalSection
	GlobalSection(ExtensibilityGlobals) = postSolution
		SolutionGuid = {BB477A89-3341-417B-93F0-D96B87F7D152}
	EndGlobalSection
EndGlobal
