
Microsoft Visual Studio Solution File, Format Version 12.00
# Visual Studio 15
VisualStudioVersion = 15.0.28307.572
MinimumVisualStudioVersion = 10.0.40219.1
Project("{9A19103F-16F7-4668-BE54-9A1E7A4F7556}") = "1.Concert", "1.Concert\1.Concert.csproj", "{35E9C508-DACD-442E-9E25-0EE09B2404CF}"
EndProject
Project("{9A19103F-16F7-4668-BE54-9A1E7A4F7556}") = "2.SongEnctyption", "2.SongEnctyption\2.SongEnctyption.csproj", "{DA32A68E-F7AC-4238-8F87-8B5EAB4BE486}"
EndProject
Project("{FAE04EC0-301F-11D3-BF4B-00C04F79EFBC}") = "3.TheIsleOfMan", "3.TheIsleOfMan\3.TheIsleOfMan.csproj", "{886F06C3-3EA2-44B6-A79D-2DE94AF55225}"
EndProject
Global
	GlobalSection(SolutionConfigurationPlatforms) = preSolution
		Debug|Any CPU = Debug|Any CPU
		Release|Any CPU = Release|Any CPU
	EndGlobalSection
	GlobalSection(ProjectConfigurationPlatforms) = postSolution
		{35E9C508-DACD-442E-9E25-0EE09B2404CF}.Debug|Any CPU.ActiveCfg = Debug|Any CPU
		{35E9C508-DACD-442E-9E25-0EE09B2404CF}.Debug|Any CPU.Build.0 = Debug|Any CPU
		{35E9C508-DACD-442E-9E25-0EE09B2404CF}.Release|Any CPU.ActiveCfg = Release|Any CPU
		{35E9C508-DACD-442E-9E25-0EE09B2404CF}.Release|Any CPU.Build.0 = Release|Any CPU
		{DA32A68E-F7AC-4238-8F87-8B5EAB4BE486}.Debug|Any CPU.ActiveCfg = Debug|Any CPU
		{DA32A68E-F7AC-4238-8F87-8B5EAB4BE486}.Debug|Any CPU.Build.0 = Debug|Any CPU
		{DA32A68E-F7AC-4238-8F87-8B5EAB4BE486}.Release|Any CPU.ActiveCfg = Release|Any CPU
		{DA32A68E-F7AC-4238-8F87-8B5EAB4BE486}.Release|Any CPU.Build.0 = Release|Any CPU
		{886F06C3-3EA2-44B6-A79D-2DE94AF55225}.Debug|Any CPU.ActiveCfg = Debug|Any CPU
		{886F06C3-3EA2-44B6-A79D-2DE94AF55225}.Debug|Any CPU.Build.0 = Debug|Any CPU
		{886F06C3-3EA2-44B6-A79D-2DE94AF55225}.Release|Any CPU.ActiveCfg = Release|Any CPU
		{886F06C3-3EA2-44B6-A79D-2DE94AF55225}.Release|Any CPU.Build.0 = Release|Any CPU
	EndGlobalSection
	GlobalSection(SolutionProperties) = preSolution
		HideSolutionNode = FALSE
	EndGlobalSection
	GlobalSection(ExtensibilityGlobals) = postSolution
		SolutionGuid = {42E07C26-D7B7-45EB-880E-F893E9AAE171}
	EndGlobalSection
EndGlobal
