
Microsoft Visual Studio Solution File, Format Version 12.00
# Visual Studio 15
VisualStudioVersion = 15.0.28307.572
MinimumVisualStudioVersion = 10.0.40219.1
Project("{9A19103F-16F7-4668-BE54-9A1E7A4F7556}") = "1.Train", "1.Train\1.Train.csproj", "{151EFDE1-1123-4263-BB60-BB7B51164FBF}"
EndProject
Project("{9A19103F-16F7-4668-BE54-9A1E7A4F7556}") = "2.ChangeList", "2.ChangeList\2.ChangeList.csproj", "{6830C61F-3E4F-4446-BC12-7CA7EA13C3CD}"
EndProject
Project("{9A19103F-16F7-4668-BE54-9A1E7A4F7556}") = "3.HouseParty", "3.HouseParty\3.HouseParty.csproj", "{8B86CE45-1AAE-4D13-9C0F-62B8DFE4C758}"
EndProject
Project("{9A19103F-16F7-4668-BE54-9A1E7A4F7556}") = "4.ListOperations", "4.ListOperations\4.ListOperations.csproj", "{2AD22DBA-D7C5-4DF3-A618-1E10D649CBBB}"
EndProject
Project("{9A19103F-16F7-4668-BE54-9A1E7A4F7556}") = "5.BombNumbers", "5.BombNumbers\5.BombNumbers.csproj", "{3DC44A1F-29B7-40B1-871C-7231AA8FAFCF}"
EndProject
Project("{9A19103F-16F7-4668-BE54-9A1E7A4F7556}") = "6.CardsGame", "6.CardsGame\6.CardsGame.csproj", "{4D3AD866-37AF-4ED8-AAAC-3BF62285F3BE}"
EndProject
Project("{9A19103F-16F7-4668-BE54-9A1E7A4F7556}") = "7.AppendArrays", "7.AppendArrays\7.AppendArrays.csproj", "{61D85095-78A8-4205-8418-0F59CD7E0A44}"
EndProject
Project("{FAE04EC0-301F-11D3-BF4B-00C04F79EFBC}") = "8.AnonymousThreat", "8.AnonymousThreat\8.AnonymousThreat.csproj", "{017BCB68-A126-4350-ACEF-4A25C5A3CD4C}"
EndProject
Project("{FAE04EC0-301F-11D3-BF4B-00C04F79EFBC}") = "9.SoftuniCourse", "9.SoftuniCourse\9.SoftuniCourse.csproj", "{A515550F-DBFB-45EE-A242-A91C0F86647E}"
EndProject
Global
	GlobalSection(SolutionConfigurationPlatforms) = preSolution
		Debug|Any CPU = Debug|Any CPU
		Release|Any CPU = Release|Any CPU
	EndGlobalSection
	GlobalSection(ProjectConfigurationPlatforms) = postSolution
		{151EFDE1-1123-4263-BB60-BB7B51164FBF}.Debug|Any CPU.ActiveCfg = Debug|Any CPU
		{151EFDE1-1123-4263-BB60-BB7B51164FBF}.Debug|Any CPU.Build.0 = Debug|Any CPU
		{151EFDE1-1123-4263-BB60-BB7B51164FBF}.Release|Any CPU.ActiveCfg = Release|Any CPU
		{151EFDE1-1123-4263-BB60-BB7B51164FBF}.Release|Any CPU.Build.0 = Release|Any CPU
		{6830C61F-3E4F-4446-BC12-7CA7EA13C3CD}.Debug|Any CPU.ActiveCfg = Debug|Any CPU
		{6830C61F-3E4F-4446-BC12-7CA7EA13C3CD}.Debug|Any CPU.Build.0 = Debug|Any CPU
		{6830C61F-3E4F-4446-BC12-7CA7EA13C3CD}.Release|Any CPU.ActiveCfg = Release|Any CPU
		{6830C61F-3E4F-4446-BC12-7CA7EA13C3CD}.Release|Any CPU.Build.0 = Release|Any CPU
		{8B86CE45-1AAE-4D13-9C0F-62B8DFE4C758}.Debug|Any CPU.ActiveCfg = Debug|Any CPU
		{8B86CE45-1AAE-4D13-9C0F-62B8DFE4C758}.Debug|Any CPU.Build.0 = Debug|Any CPU
		{8B86CE45-1AAE-4D13-9C0F-62B8DFE4C758}.Release|Any CPU.ActiveCfg = Release|Any CPU
		{8B86CE45-1AAE-4D13-9C0F-62B8DFE4C758}.Release|Any CPU.Build.0 = Release|Any CPU
		{2AD22DBA-D7C5-4DF3-A618-1E10D649CBBB}.Debug|Any CPU.ActiveCfg = Debug|Any CPU
		{2AD22DBA-D7C5-4DF3-A618-1E10D649CBBB}.Debug|Any CPU.Build.0 = Debug|Any CPU
		{2AD22DBA-D7C5-4DF3-A618-1E10D649CBBB}.Release|Any CPU.ActiveCfg = Release|Any CPU
		{2AD22DBA-D7C5-4DF3-A618-1E10D649CBBB}.Release|Any CPU.Build.0 = Release|Any CPU
		{3DC44A1F-29B7-40B1-871C-7231AA8FAFCF}.Debug|Any CPU.ActiveCfg = Debug|Any CPU
		{3DC44A1F-29B7-40B1-871C-7231AA8FAFCF}.Debug|Any CPU.Build.0 = Debug|Any CPU
		{3DC44A1F-29B7-40B1-871C-7231AA8FAFCF}.Release|Any CPU.ActiveCfg = Release|Any CPU
		{3DC44A1F-29B7-40B1-871C-7231AA8FAFCF}.Release|Any CPU.Build.0 = Release|Any CPU
		{4D3AD866-37AF-4ED8-AAAC-3BF62285F3BE}.Debug|Any CPU.ActiveCfg = Debug|Any CPU
		{4D3AD866-37AF-4ED8-AAAC-3BF62285F3BE}.Debug|Any CPU.Build.0 = Debug|Any CPU
		{4D3AD866-37AF-4ED8-AAAC-3BF62285F3BE}.Release|Any CPU.ActiveCfg = Release|Any CPU
		{4D3AD866-37AF-4ED8-AAAC-3BF62285F3BE}.Release|Any CPU.Build.0 = Release|Any CPU
		{61D85095-78A8-4205-8418-0F59CD7E0A44}.Debug|Any CPU.ActiveCfg = Debug|Any CPU
		{61D85095-78A8-4205-8418-0F59CD7E0A44}.Debug|Any CPU.Build.0 = Debug|Any CPU
		{61D85095-78A8-4205-8418-0F59CD7E0A44}.Release|Any CPU.ActiveCfg = Release|Any CPU
		{61D85095-78A8-4205-8418-0F59CD7E0A44}.Release|Any CPU.Build.0 = Release|Any CPU
		{017BCB68-A126-4350-ACEF-4A25C5A3CD4C}.Debug|Any CPU.ActiveCfg = Debug|Any CPU
		{017BCB68-A126-4350-ACEF-4A25C5A3CD4C}.Debug|Any CPU.Build.0 = Debug|Any CPU
		{017BCB68-A126-4350-ACEF-4A25C5A3CD4C}.Release|Any CPU.ActiveCfg = Release|Any CPU
		{017BCB68-A126-4350-ACEF-4A25C5A3CD4C}.Release|Any CPU.Build.0 = Release|Any CPU
		{A515550F-DBFB-45EE-A242-A91C0F86647E}.Debug|Any CPU.ActiveCfg = Debug|Any CPU
		{A515550F-DBFB-45EE-A242-A91C0F86647E}.Debug|Any CPU.Build.0 = Debug|Any CPU
		{A515550F-DBFB-45EE-A242-A91C0F86647E}.Release|Any CPU.ActiveCfg = Release|Any CPU
		{A515550F-DBFB-45EE-A242-A91C0F86647E}.Release|Any CPU.Build.0 = Release|Any CPU
	EndGlobalSection
	GlobalSection(SolutionProperties) = preSolution
		HideSolutionNode = FALSE
	EndGlobalSection
	GlobalSection(ExtensibilityGlobals) = postSolution
		SolutionGuid = {02C79EFD-37BC-4F8A-9BF3-789C9957A7F9}
	EndGlobalSection
EndGlobal
