
Microsoft Visual Studio Solution File, Format Version 12.00
# Visual Studio Version 16
VisualStudioVersion = 16.0.29709.97
MinimumVisualStudioVersion = 10.0.40219.1
Project("{FAE04EC0-301F-11D3-BF4B-00C04F79EFBC}") = "P01.SummerCocktails", "P01.SummerCocktails\P01.SummerCocktails.csproj", "{98900840-E352-4FE0-B551-B0A533A62A2F}"
EndProject
Project("{FAE04EC0-301F-11D3-BF4B-00C04F79EFBC}") = "P02.SeashellTreasure", "P02.SeashellTreasure\P02.SeashellTreasure.csproj", "{2CB8DA0A-DE5A-4296-A313-FEB31DE45232}"
EndProject
Global
	GlobalSection(SolutionConfigurationPlatforms) = preSolution
		Debug|Any CPU = Debug|Any CPU
		Release|Any CPU = Release|Any CPU
	EndGlobalSection
	GlobalSection(ProjectConfigurationPlatforms) = postSolution
		{98900840-E352-4FE0-B551-B0A533A62A2F}.Debug|Any CPU.ActiveCfg = Debug|Any CPU
		{98900840-E352-4FE0-B551-B0A533A62A2F}.Debug|Any CPU.Build.0 = Debug|Any CPU
		{98900840-E352-4FE0-B551-B0A533A62A2F}.Release|Any CPU.ActiveCfg = Release|Any CPU
		{98900840-E352-4FE0-B551-B0A533A62A2F}.Release|Any CPU.Build.0 = Release|Any CPU
		{2CB8DA0A-DE5A-4296-A313-FEB31DE45232}.Debug|Any CPU.ActiveCfg = Debug|Any CPU
		{2CB8DA0A-DE5A-4296-A313-FEB31DE45232}.Debug|Any CPU.Build.0 = Debug|Any CPU
		{2CB8DA0A-DE5A-4296-A313-FEB31DE45232}.Release|Any CPU.ActiveCfg = Release|Any CPU
		{2CB8DA0A-DE5A-4296-A313-FEB31DE45232}.Release|Any CPU.Build.0 = Release|Any CPU
	EndGlobalSection
	GlobalSection(SolutionProperties) = preSolution
		HideSolutionNode = FALSE
	EndGlobalSection
	GlobalSection(ExtensibilityGlobals) = postSolution
		SolutionGuid = {BC70BA4B-83BB-4A3C-AAF5-75878349A2FA}
	EndGlobalSection
EndGlobal
