
Microsoft Visual Studio Solution File, Format Version 12.00
# Visual Studio 15
VisualStudioVersion = 15.0.28307.572
MinimumVisualStudioVersion = 10.0.40219.1
Project("{FAE04EC0-301F-11D3-BF4B-00C04F79EFBC}") = "1.IntegerOperations", "1.IntegerOperations\1.IntegerOperations.csproj", "{452BDC81-54FE-4BB2-A32A-5611C6604C38}"
EndProject
Project("{FAE04EC0-301F-11D3-BF4B-00C04F79EFBC}") = "2.SumDigits", "2.SumDigits\2.SumDigits.csproj", "{3C7D7308-B865-48C2-A4D1-4338D71246E3}"
EndProject
Project("{FAE04EC0-301F-11D3-BF4B-00C04F79EFBC}") = "3.Elevator", "3.Elevator\3.Elevator.csproj", "{FFD6E3D9-6266-48FA-85BD-94DED4E85552}"
EndProject
Project("{FAE04EC0-301F-11D3-BF4B-00C04F79EFBC}") = "4.SumOfCars", "4.SumOfCars\4.SumOfCars.csproj", "{759018BC-9EBD-4316-9C43-C2217A5323E9}"
EndProject
Project("{FAE04EC0-301F-11D3-BF4B-00C04F79EFBC}") = "5.PrintPartOfASCIITable", "5.PrintPartOfASCIITable\5.PrintPartOfASCIITable.csproj", "{B9BAAE9D-1C87-4F4A-A05A-54E553978F7B}"
EndProject
Project("{FAE04EC0-301F-11D3-BF4B-00C04F79EFBC}") = "6.TriplesOfLatinLetters", "6.TriplesOfLatinLetters\6.TriplesOfLatinLetters.csproj", "{6FF9F966-0C20-409C-8E82-8768F163D42A}"
EndProject
Project("{FAE04EC0-301F-11D3-BF4B-00C04F79EFBC}") = "7.WaterOverflow", "7.WaterOverflow\7.WaterOverflow.csproj", "{9FDE66FB-885C-48FB-916E-827DFDB24323}"
EndProject
Project("{FAE04EC0-301F-11D3-BF4B-00C04F79EFBC}") = "8.BeerKegs", "8.BeerKegs\8.BeerKegs.csproj", "{49DC9292-A005-4623-8555-42903BFD10E1}"
EndProject
Project("{FAE04EC0-301F-11D3-BF4B-00C04F79EFBC}") = "9.SpiceMustFlow", "9.SpiceMustFlow\9.SpiceMustFlow.csproj", "{CC237114-C8AA-4A75-B381-453EB04D1626}"
EndProject
Project("{FAE04EC0-301F-11D3-BF4B-00C04F79EFBC}") = "10.PokeMon", "10.PokeMon\10.PokeMon.csproj", "{2151681B-6428-427B-B3B3-9A2A6253A89A}"
EndProject
Project("{FAE04EC0-301F-11D3-BF4B-00C04F79EFBC}") = "11.Snowballs", "11.Snowballs\11.Snowballs.csproj", "{1957122E-696D-4E0F-B634-4473A01ABDA0}"
EndProject
Global
	GlobalSection(SolutionConfigurationPlatforms) = preSolution
		Debug|Any CPU = Debug|Any CPU
		Release|Any CPU = Release|Any CPU
	EndGlobalSection
	GlobalSection(ProjectConfigurationPlatforms) = postSolution
		{452BDC81-54FE-4BB2-A32A-5611C6604C38}.Debug|Any CPU.ActiveCfg = Debug|Any CPU
		{452BDC81-54FE-4BB2-A32A-5611C6604C38}.Debug|Any CPU.Build.0 = Debug|Any CPU
		{452BDC81-54FE-4BB2-A32A-5611C6604C38}.Release|Any CPU.ActiveCfg = Release|Any CPU
		{452BDC81-54FE-4BB2-A32A-5611C6604C38}.Release|Any CPU.Build.0 = Release|Any CPU
		{3C7D7308-B865-48C2-A4D1-4338D71246E3}.Debug|Any CPU.ActiveCfg = Debug|Any CPU
		{3C7D7308-B865-48C2-A4D1-4338D71246E3}.Debug|Any CPU.Build.0 = Debug|Any CPU
		{3C7D7308-B865-48C2-A4D1-4338D71246E3}.Release|Any CPU.ActiveCfg = Release|Any CPU
		{3C7D7308-B865-48C2-A4D1-4338D71246E3}.Release|Any CPU.Build.0 = Release|Any CPU
		{FFD6E3D9-6266-48FA-85BD-94DED4E85552}.Debug|Any CPU.ActiveCfg = Debug|Any CPU
		{FFD6E3D9-6266-48FA-85BD-94DED4E85552}.Debug|Any CPU.Build.0 = Debug|Any CPU
		{FFD6E3D9-6266-48FA-85BD-94DED4E85552}.Release|Any CPU.ActiveCfg = Release|Any CPU
		{FFD6E3D9-6266-48FA-85BD-94DED4E85552}.Release|Any CPU.Build.0 = Release|Any CPU
		{759018BC-9EBD-4316-9C43-C2217A5323E9}.Debug|Any CPU.ActiveCfg = Debug|Any CPU
		{759018BC-9EBD-4316-9C43-C2217A5323E9}.Debug|Any CPU.Build.0 = Debug|Any CPU
		{759018BC-9EBD-4316-9C43-C2217A5323E9}.Release|Any CPU.ActiveCfg = Release|Any CPU
		{759018BC-9EBD-4316-9C43-C2217A5323E9}.Release|Any CPU.Build.0 = Release|Any CPU
		{B9BAAE9D-1C87-4F4A-A05A-54E553978F7B}.Debug|Any CPU.ActiveCfg = Debug|Any CPU
		{B9BAAE9D-1C87-4F4A-A05A-54E553978F7B}.Debug|Any CPU.Build.0 = Debug|Any CPU
		{B9BAAE9D-1C87-4F4A-A05A-54E553978F7B}.Release|Any CPU.ActiveCfg = Release|Any CPU
		{B9BAAE9D-1C87-4F4A-A05A-54E553978F7B}.Release|Any CPU.Build.0 = Release|Any CPU
		{6FF9F966-0C20-409C-8E82-8768F163D42A}.Debug|Any CPU.ActiveCfg = Debug|Any CPU
		{6FF9F966-0C20-409C-8E82-8768F163D42A}.Debug|Any CPU.Build.0 = Debug|Any CPU
		{6FF9F966-0C20-409C-8E82-8768F163D42A}.Release|Any CPU.ActiveCfg = Release|Any CPU
		{6FF9F966-0C20-409C-8E82-8768F163D42A}.Release|Any CPU.Build.0 = Release|Any CPU
		{9FDE66FB-885C-48FB-916E-827DFDB24323}.Debug|Any CPU.ActiveCfg = Debug|Any CPU
		{9FDE66FB-885C-48FB-916E-827DFDB24323}.Debug|Any CPU.Build.0 = Debug|Any CPU
		{9FDE66FB-885C-48FB-916E-827DFDB24323}.Release|Any CPU.ActiveCfg = Release|Any CPU
		{9FDE66FB-885C-48FB-916E-827DFDB24323}.Release|Any CPU.Build.0 = Release|Any CPU
		{49DC9292-A005-4623-8555-42903BFD10E1}.Debug|Any CPU.ActiveCfg = Debug|Any CPU
		{49DC9292-A005-4623-8555-42903BFD10E1}.Debug|Any CPU.Build.0 = Debug|Any CPU
		{49DC9292-A005-4623-8555-42903BFD10E1}.Release|Any CPU.ActiveCfg = Release|Any CPU
		{49DC9292-A005-4623-8555-42903BFD10E1}.Release|Any CPU.Build.0 = Release|Any CPU
		{CC237114-C8AA-4A75-B381-453EB04D1626}.Debug|Any CPU.ActiveCfg = Debug|Any CPU
		{CC237114-C8AA-4A75-B381-453EB04D1626}.Debug|Any CPU.Build.0 = Debug|Any CPU
		{CC237114-C8AA-4A75-B381-453EB04D1626}.Release|Any CPU.ActiveCfg = Release|Any CPU
		{CC237114-C8AA-4A75-B381-453EB04D1626}.Release|Any CPU.Build.0 = Release|Any CPU
		{2151681B-6428-427B-B3B3-9A2A6253A89A}.Debug|Any CPU.ActiveCfg = Debug|Any CPU
		{2151681B-6428-427B-B3B3-9A2A6253A89A}.Debug|Any CPU.Build.0 = Debug|Any CPU
		{2151681B-6428-427B-B3B3-9A2A6253A89A}.Release|Any CPU.ActiveCfg = Release|Any CPU
		{2151681B-6428-427B-B3B3-9A2A6253A89A}.Release|Any CPU.Build.0 = Release|Any CPU
		{1957122E-696D-4E0F-B634-4473A01ABDA0}.Debug|Any CPU.ActiveCfg = Debug|Any CPU
		{1957122E-696D-4E0F-B634-4473A01ABDA0}.Debug|Any CPU.Build.0 = Debug|Any CPU
		{1957122E-696D-4E0F-B634-4473A01ABDA0}.Release|Any CPU.ActiveCfg = Release|Any CPU
		{1957122E-696D-4E0F-B634-4473A01ABDA0}.Release|Any CPU.Build.0 = Release|Any CPU
	EndGlobalSection
	GlobalSection(SolutionProperties) = preSolution
		HideSolutionNode = FALSE
	EndGlobalSection
	GlobalSection(ExtensibilityGlobals) = postSolution
		SolutionGuid = {ACDF38F1-AF96-459E-8F7B-70712992E0AE}
	EndGlobalSection
EndGlobal
