
Microsoft Visual Studio Solution File, Format Version 12.00
# Visual Studio 15
VisualStudioVersion = 15.0.28307.572
MinimumVisualStudioVersion = 10.0.40219.1
Project("{9A19103F-16F7-4668-BE54-9A1E7A4F7556}") = "1.DayOfWeek", "1.DayOfWeek\1.DayOfWeek.csproj", "{EECEF622-381B-465B-A1B6-3CFB05255FFE}"
EndProject
Project("{FAE04EC0-301F-11D3-BF4B-00C04F79EFBC}") = "2.NumbersInReverseOrder", "2.NumbersInReverseOrder\2.NumbersInReverseOrder.csproj", "{8AF093DD-D94D-4EC2-B797-FE92847CFE9B}"
EndProject
Project("{FAE04EC0-301F-11D3-BF4B-00C04F79EFBC}") = "3.RoundingNumbers", "3.RoundingNumbers\3.RoundingNumbers.csproj", "{A360B33D-0F13-471C-9BC1-B0636F5845B5}"
EndProject
Project("{FAE04EC0-301F-11D3-BF4B-00C04F79EFBC}") = "4.ReverseArrayOfStrings", "4.ReverseArrayOfStrings\4.ReverseArrayOfStrings.csproj", "{E0E3FA27-E65A-425D-841B-6779644F3B44}"
EndProject
Project("{FAE04EC0-301F-11D3-BF4B-00C04F79EFBC}") = "5.SumEvenNumbers", "5.SumEvenNumbers\5.SumEvenNumbers.csproj", "{2634B8CF-407D-40C5-819E-4A0C334C02A9}"
EndProject
Project("{FAE04EC0-301F-11D3-BF4B-00C04F79EFBC}") = "6.EvenAndOddSubtraction", "6.EvenAndOddSubtraction\6.EvenAndOddSubtraction.csproj", "{C4C8925D-1B9E-4747-B1EA-39E6D68E5906}"
EndProject
Project("{FAE04EC0-301F-11D3-BF4B-00C04F79EFBC}") = "7.EqualArrays", "7.EqualArrays\7.EqualArrays.csproj", "{B139CF1B-E734-4C4B-9A94-9A6A6CF2F147}"
EndProject
Project("{FAE04EC0-301F-11D3-BF4B-00C04F79EFBC}") = "8.CondenseArrayToNumber", "8.CondenseArrayToNumber\8.CondenseArrayToNumber.csproj", "{2C08EA0E-39EF-4812-B3E4-49B0701F3C75}"
EndProject
Global
	GlobalSection(SolutionConfigurationPlatforms) = preSolution
		Debug|Any CPU = Debug|Any CPU
		Release|Any CPU = Release|Any CPU
	EndGlobalSection
	GlobalSection(ProjectConfigurationPlatforms) = postSolution
		{EECEF622-381B-465B-A1B6-3CFB05255FFE}.Debug|Any CPU.ActiveCfg = Debug|Any CPU
		{EECEF622-381B-465B-A1B6-3CFB05255FFE}.Debug|Any CPU.Build.0 = Debug|Any CPU
		{EECEF622-381B-465B-A1B6-3CFB05255FFE}.Release|Any CPU.ActiveCfg = Release|Any CPU
		{EECEF622-381B-465B-A1B6-3CFB05255FFE}.Release|Any CPU.Build.0 = Release|Any CPU
		{8AF093DD-D94D-4EC2-B797-FE92847CFE9B}.Debug|Any CPU.ActiveCfg = Debug|Any CPU
		{8AF093DD-D94D-4EC2-B797-FE92847CFE9B}.Debug|Any CPU.Build.0 = Debug|Any CPU
		{8AF093DD-D94D-4EC2-B797-FE92847CFE9B}.Release|Any CPU.ActiveCfg = Release|Any CPU
		{8AF093DD-D94D-4EC2-B797-FE92847CFE9B}.Release|Any CPU.Build.0 = Release|Any CPU
		{A360B33D-0F13-471C-9BC1-B0636F5845B5}.Debug|Any CPU.ActiveCfg = Debug|Any CPU
		{A360B33D-0F13-471C-9BC1-B0636F5845B5}.Debug|Any CPU.Build.0 = Debug|Any CPU
		{A360B33D-0F13-471C-9BC1-B0636F5845B5}.Release|Any CPU.ActiveCfg = Release|Any CPU
		{A360B33D-0F13-471C-9BC1-B0636F5845B5}.Release|Any CPU.Build.0 = Release|Any CPU
		{E0E3FA27-E65A-425D-841B-6779644F3B44}.Debug|Any CPU.ActiveCfg = Debug|Any CPU
		{E0E3FA27-E65A-425D-841B-6779644F3B44}.Debug|Any CPU.Build.0 = Debug|Any CPU
		{E0E3FA27-E65A-425D-841B-6779644F3B44}.Release|Any CPU.ActiveCfg = Release|Any CPU
		{E0E3FA27-E65A-425D-841B-6779644F3B44}.Release|Any CPU.Build.0 = Release|Any CPU
		{2634B8CF-407D-40C5-819E-4A0C334C02A9}.Debug|Any CPU.ActiveCfg = Debug|Any CPU
		{2634B8CF-407D-40C5-819E-4A0C334C02A9}.Debug|Any CPU.Build.0 = Debug|Any CPU
		{2634B8CF-407D-40C5-819E-4A0C334C02A9}.Release|Any CPU.ActiveCfg = Release|Any CPU
		{2634B8CF-407D-40C5-819E-4A0C334C02A9}.Release|Any CPU.Build.0 = Release|Any CPU
		{C4C8925D-1B9E-4747-B1EA-39E6D68E5906}.Debug|Any CPU.ActiveCfg = Debug|Any CPU
		{C4C8925D-1B9E-4747-B1EA-39E6D68E5906}.Debug|Any CPU.Build.0 = Debug|Any CPU
		{C4C8925D-1B9E-4747-B1EA-39E6D68E5906}.Release|Any CPU.ActiveCfg = Release|Any CPU
		{C4C8925D-1B9E-4747-B1EA-39E6D68E5906}.Release|Any CPU.Build.0 = Release|Any CPU
		{B139CF1B-E734-4C4B-9A94-9A6A6CF2F147}.Debug|Any CPU.ActiveCfg = Debug|Any CPU
		{B139CF1B-E734-4C4B-9A94-9A6A6CF2F147}.Debug|Any CPU.Build.0 = Debug|Any CPU
		{B139CF1B-E734-4C4B-9A94-9A6A6CF2F147}.Release|Any CPU.ActiveCfg = Release|Any CPU
		{B139CF1B-E734-4C4B-9A94-9A6A6CF2F147}.Release|Any CPU.Build.0 = Release|Any CPU
		{2C08EA0E-39EF-4812-B3E4-49B0701F3C75}.Debug|Any CPU.ActiveCfg = Debug|Any CPU
		{2C08EA0E-39EF-4812-B3E4-49B0701F3C75}.Debug|Any CPU.Build.0 = Debug|Any CPU
		{2C08EA0E-39EF-4812-B3E4-49B0701F3C75}.Release|Any CPU.ActiveCfg = Release|Any CPU
		{2C08EA0E-39EF-4812-B3E4-49B0701F3C75}.Release|Any CPU.Build.0 = Release|Any CPU
	EndGlobalSection
	GlobalSection(SolutionProperties) = preSolution
		HideSolutionNode = FALSE
	EndGlobalSection
	GlobalSection(ExtensibilityGlobals) = postSolution
		SolutionGuid = {6629C4EA-E5F7-4E2C-92AE-8028657200A3}
	EndGlobalSection
EndGlobal
