
Microsoft Visual Studio Solution File, Format Version 12.00
# Visual Studio 15
VisualStudioVersion = 15.0.28307.572
MinimumVisualStudioVersion = 10.0.40219.1
Project("{FAE04EC0-301F-11D3-BF4B-00C04F79EFBC}") = "1.StringManipulator", "1.StringManipulator\1.StringManipulator.csproj", "{B85B0738-D1E7-4E47-8B6B-BBFF0F2F9383}"
EndProject
Project("{FAE04EC0-301F-11D3-BF4B-00C04F79EFBC}") = "2.MessageDecrypter", "2.MessageDecrypter\2.MessageDecrypter.csproj", "{D9E263BA-2DA3-4E54-A539-33EE090A1F09}"
EndProject
Project("{FAE04EC0-301F-11D3-BF4B-00C04F79EFBC}") = "3.MessagesManager", "3.MessagesManager\3.MessagesManager.csproj", "{1A6B2F1E-F63F-499D-A6E9-AF52442BBE44}"
EndProject
Global
	GlobalSection(SolutionConfigurationPlatforms) = preSolution
		Debug|Any CPU = Debug|Any CPU
		Release|Any CPU = Release|Any CPU
	EndGlobalSection
	GlobalSection(ProjectConfigurationPlatforms) = postSolution
		{B85B0738-D1E7-4E47-8B6B-BBFF0F2F9383}.Debug|Any CPU.ActiveCfg = Debug|Any CPU
		{B85B0738-D1E7-4E47-8B6B-BBFF0F2F9383}.Debug|Any CPU.Build.0 = Debug|Any CPU
		{B85B0738-D1E7-4E47-8B6B-BBFF0F2F9383}.Release|Any CPU.ActiveCfg = Release|Any CPU
		{B85B0738-D1E7-4E47-8B6B-BBFF0F2F9383}.Release|Any CPU.Build.0 = Release|Any CPU
		{D9E263BA-2DA3-4E54-A539-33EE090A1F09}.Debug|Any CPU.ActiveCfg = Debug|Any CPU
		{D9E263BA-2DA3-4E54-A539-33EE090A1F09}.Debug|Any CPU.Build.0 = Debug|Any CPU
		{D9E263BA-2DA3-4E54-A539-33EE090A1F09}.Release|Any CPU.ActiveCfg = Release|Any CPU
		{D9E263BA-2DA3-4E54-A539-33EE090A1F09}.Release|Any CPU.Build.0 = Release|Any CPU
		{1A6B2F1E-F63F-499D-A6E9-AF52442BBE44}.Debug|Any CPU.ActiveCfg = Debug|Any CPU
		{1A6B2F1E-F63F-499D-A6E9-AF52442BBE44}.Debug|Any CPU.Build.0 = Debug|Any CPU
		{1A6B2F1E-F63F-499D-A6E9-AF52442BBE44}.Release|Any CPU.ActiveCfg = Release|Any CPU
		{1A6B2F1E-F63F-499D-A6E9-AF52442BBE44}.Release|Any CPU.Build.0 = Release|Any CPU
	EndGlobalSection
	GlobalSection(SolutionProperties) = preSolution
		HideSolutionNode = FALSE
	EndGlobalSection
	GlobalSection(ExtensibilityGlobals) = postSolution
		SolutionGuid = {2BE7E602-6D1D-4427-BE89-BC061E6FD239}
	EndGlobalSection
EndGlobal
