
Microsoft Visual Studio Solution File, Format Version 12.00
# Visual Studio 15
VisualStudioVersion = 15.0.28307.572
MinimumVisualStudioVersion = 10.0.40219.1
Project("{FAE04EC0-301F-11D3-BF4B-00C04F79EFBC}") = "1.AnimalSanctuary", "1.AnimalSanctuary\1.AnimalSanctuary.csproj", "{8CA2B06C-1C7E-4E55-B069-485D0BB16600}"
EndProject
Project("{FAE04EC0-301F-11D3-BF4B-00C04F79EFBC}") = "2.FeedTheAnimals", "2.FeedTheAnimals\2.FeedTheAnimals.csproj", "{6DC6263F-BA83-40AC-9365-2209645B921F}"
EndProject
Global
	GlobalSection(SolutionConfigurationPlatforms) = preSolution
		Debug|Any CPU = Debug|Any CPU
		Release|Any CPU = Release|Any CPU
	EndGlobalSection
	GlobalSection(ProjectConfigurationPlatforms) = postSolution
		{8CA2B06C-1C7E-4E55-B069-485D0BB16600}.Debug|Any CPU.ActiveCfg = Debug|Any CPU
		{8CA2B06C-1C7E-4E55-B069-485D0BB16600}.Debug|Any CPU.Build.0 = Debug|Any CPU
		{8CA2B06C-1C7E-4E55-B069-485D0BB16600}.Release|Any CPU.ActiveCfg = Release|Any CPU
		{8CA2B06C-1C7E-4E55-B069-485D0BB16600}.Release|Any CPU.Build.0 = Release|Any CPU
		{6DC6263F-BA83-40AC-9365-2209645B921F}.Debug|Any CPU.ActiveCfg = Debug|Any CPU
		{6DC6263F-BA83-40AC-9365-2209645B921F}.Debug|Any CPU.Build.0 = Debug|Any CPU
		{6DC6263F-BA83-40AC-9365-2209645B921F}.Release|Any CPU.ActiveCfg = Release|Any CPU
		{6DC6263F-BA83-40AC-9365-2209645B921F}.Release|Any CPU.Build.0 = Release|Any CPU
	EndGlobalSection
	GlobalSection(SolutionProperties) = preSolution
		HideSolutionNode = FALSE
	EndGlobalSection
	GlobalSection(ExtensibilityGlobals) = postSolution
		SolutionGuid = {6BB30B4D-7339-403E-B153-D3C2CC8D1814}
	EndGlobalSection
EndGlobal
