
Microsoft Visual Studio Solution File, Format Version 12.00
# Visual Studio Version 16
VisualStudioVersion = 16.0.29709.97
MinimumVisualStudioVersion = 10.0.40219.1
Project("{9A19103F-16F7-4668-BE54-9A1E7A4F7556}") = "1.OddLines", "1.OddLines\1.OddLines.csproj", "{7564838F-39B4-4AC0-A03B-94761DBAF7E1}"
EndProject
Project("{FAE04EC0-301F-11D3-BF4B-00C04F79EFBC}") = "2.LineNumbers", "2.LineNumbers\2.LineNumbers.csproj", "{CF8B573A-AF44-41BF-857D-C5E382337BFD}"
EndProject
Project("{FAE04EC0-301F-11D3-BF4B-00C04F79EFBC}") = "3.WordCount", "3.WordCount\3.WordCount.csproj", "{5E6C5D34-E468-481B-81FC-E41E3408C774}"
EndProject
Global
	GlobalSection(SolutionConfigurationPlatforms) = preSolution
		Debug|Any CPU = Debug|Any CPU
		Release|Any CPU = Release|Any CPU
	EndGlobalSection
	GlobalSection(ProjectConfigurationPlatforms) = postSolution
		{7564838F-39B4-4AC0-A03B-94761DBAF7E1}.Debug|Any CPU.ActiveCfg = Debug|Any CPU
		{7564838F-39B4-4AC0-A03B-94761DBAF7E1}.Debug|Any CPU.Build.0 = Debug|Any CPU
		{7564838F-39B4-4AC0-A03B-94761DBAF7E1}.Release|Any CPU.ActiveCfg = Release|Any CPU
		{7564838F-39B4-4AC0-A03B-94761DBAF7E1}.Release|Any CPU.Build.0 = Release|Any CPU
		{CF8B573A-AF44-41BF-857D-C5E382337BFD}.Debug|Any CPU.ActiveCfg = Debug|Any CPU
		{CF8B573A-AF44-41BF-857D-C5E382337BFD}.Debug|Any CPU.Build.0 = Debug|Any CPU
		{CF8B573A-AF44-41BF-857D-C5E382337BFD}.Release|Any CPU.ActiveCfg = Release|Any CPU
		{CF8B573A-AF44-41BF-857D-C5E382337BFD}.Release|Any CPU.Build.0 = Release|Any CPU
		{5E6C5D34-E468-481B-81FC-E41E3408C774}.Debug|Any CPU.ActiveCfg = Debug|Any CPU
		{5E6C5D34-E468-481B-81FC-E41E3408C774}.Debug|Any CPU.Build.0 = Debug|Any CPU
		{5E6C5D34-E468-481B-81FC-E41E3408C774}.Release|Any CPU.ActiveCfg = Release|Any CPU
		{5E6C5D34-E468-481B-81FC-E41E3408C774}.Release|Any CPU.Build.0 = Release|Any CPU
	EndGlobalSection
	GlobalSection(SolutionProperties) = preSolution
		HideSolutionNode = FALSE
	EndGlobalSection
	GlobalSection(ExtensibilityGlobals) = postSolution
		SolutionGuid = {70FC942B-5C95-46CD-BA8A-792F158169BD}
	EndGlobalSection
EndGlobal
