
Microsoft Visual Studio Solution File, Format Version 12.00
# Visual Studio 15
VisualStudioVersion = 15.0.28307.572
MinimumVisualStudioVersion = 10.0.40219.1
Project("{FAE04EC0-301F-11D3-BF4B-00C04F79EFBC}") = "1.Age", "1.Age\1.Age.csproj", "{BEB71F58-DE4C-481E-8364-7876ED61FFE1}"
EndProject
Project("{FAE04EC0-301F-11D3-BF4B-00C04F79EFBC}") = "2.Division", "2.Division\2.Division.csproj", "{A0308893-41EF-40CD-AD5C-F131C827F11B}"
EndProject
Project("{FAE04EC0-301F-11D3-BF4B-00C04F79EFBC}") = "3.Vacation", "3.Vacation\3.Vacation.csproj", "{3A1713CB-A15A-4F77-A038-26438D4B3976}"
EndProject
Project("{FAE04EC0-301F-11D3-BF4B-00C04F79EFBC}") = "4.PrintAndSum", "4.PrintAndSum\4.PrintAndSum.csproj", "{F10EAE87-40BB-4913-B051-BBA0395E9F77}"
EndProject
Project("{FAE04EC0-301F-11D3-BF4B-00C04F79EFBC}") = "5.Login", "5.Login\5.Login.csproj", "{A1672B3F-897B-4770-A0F2-92A3CF8E1CC2}"
EndProject
Project("{FAE04EC0-301F-11D3-BF4B-00C04F79EFBC}") = "6.StrongNumber", "6.StrongNumber\6.StrongNumber.csproj", "{A21C78FD-C9CA-47A0-8C92-2007A3C41340}"
EndProject
Project("{FAE04EC0-301F-11D3-BF4B-00C04F79EFBC}") = "7.VendingMachine", "7.VendingMachine\7.VendingMachine.csproj", "{1F836038-0C91-45A9-AF27-367AB5BAFD05}"
EndProject
Project("{FAE04EC0-301F-11D3-BF4B-00C04F79EFBC}") = "8.TriangleOfNums", "8.TriangleOfNums\8.TriangleOfNums.csproj", "{B4111428-9FD7-4433-A578-396EF5FF6C9B}"
EndProject
Global
	GlobalSection(SolutionConfigurationPlatforms) = preSolution
		Debug|Any CPU = Debug|Any CPU
		Release|Any CPU = Release|Any CPU
	EndGlobalSection
	GlobalSection(ProjectConfigurationPlatforms) = postSolution
		{BEB71F58-DE4C-481E-8364-7876ED61FFE1}.Debug|Any CPU.ActiveCfg = Debug|Any CPU
		{BEB71F58-DE4C-481E-8364-7876ED61FFE1}.Debug|Any CPU.Build.0 = Debug|Any CPU
		{BEB71F58-DE4C-481E-8364-7876ED61FFE1}.Release|Any CPU.ActiveCfg = Release|Any CPU
		{BEB71F58-DE4C-481E-8364-7876ED61FFE1}.Release|Any CPU.Build.0 = Release|Any CPU
		{A0308893-41EF-40CD-AD5C-F131C827F11B}.Debug|Any CPU.ActiveCfg = Debug|Any CPU
		{A0308893-41EF-40CD-AD5C-F131C827F11B}.Debug|Any CPU.Build.0 = Debug|Any CPU
		{A0308893-41EF-40CD-AD5C-F131C827F11B}.Release|Any CPU.ActiveCfg = Release|Any CPU
		{A0308893-41EF-40CD-AD5C-F131C827F11B}.Release|Any CPU.Build.0 = Release|Any CPU
		{3A1713CB-A15A-4F77-A038-26438D4B3976}.Debug|Any CPU.ActiveCfg = Debug|Any CPU
		{3A1713CB-A15A-4F77-A038-26438D4B3976}.Debug|Any CPU.Build.0 = Debug|Any CPU
		{3A1713CB-A15A-4F77-A038-26438D4B3976}.Release|Any CPU.ActiveCfg = Release|Any CPU
		{3A1713CB-A15A-4F77-A038-26438D4B3976}.Release|Any CPU.Build.0 = Release|Any CPU
		{F10EAE87-40BB-4913-B051-BBA0395E9F77}.Debug|Any CPU.ActiveCfg = Debug|Any CPU
		{F10EAE87-40BB-4913-B051-BBA0395E9F77}.Debug|Any CPU.Build.0 = Debug|Any CPU
		{F10EAE87-40BB-4913-B051-BBA0395E9F77}.Release|Any CPU.ActiveCfg = Release|Any CPU
		{F10EAE87-40BB-4913-B051-BBA0395E9F77}.Release|Any CPU.Build.0 = Release|Any CPU
		{A1672B3F-897B-4770-A0F2-92A3CF8E1CC2}.Debug|Any CPU.ActiveCfg = Debug|Any CPU
		{A1672B3F-897B-4770-A0F2-92A3CF8E1CC2}.Debug|Any CPU.Build.0 = Debug|Any CPU
		{A1672B3F-897B-4770-A0F2-92A3CF8E1CC2}.Release|Any CPU.ActiveCfg = Release|Any CPU
		{A1672B3F-897B-4770-A0F2-92A3CF8E1CC2}.Release|Any CPU.Build.0 = Release|Any CPU
		{A21C78FD-C9CA-47A0-8C92-2007A3C41340}.Debug|Any CPU.ActiveCfg = Debug|Any CPU
		{A21C78FD-C9CA-47A0-8C92-2007A3C41340}.Debug|Any CPU.Build.0 = Debug|Any CPU
		{A21C78FD-C9CA-47A0-8C92-2007A3C41340}.Release|Any CPU.ActiveCfg = Release|Any CPU
		{A21C78FD-C9CA-47A0-8C92-2007A3C41340}.Release|Any CPU.Build.0 = Release|Any CPU
		{1F836038-0C91-45A9-AF27-367AB5BAFD05}.Debug|Any CPU.ActiveCfg = Debug|Any CPU
		{1F836038-0C91-45A9-AF27-367AB5BAFD05}.Debug|Any CPU.Build.0 = Debug|Any CPU
		{1F836038-0C91-45A9-AF27-367AB5BAFD05}.Release|Any CPU.ActiveCfg = Release|Any CPU
		{1F836038-0C91-45A9-AF27-367AB5BAFD05}.Release|Any CPU.Build.0 = Release|Any CPU
		{B4111428-9FD7-4433-A578-396EF5FF6C9B}.Debug|Any CPU.ActiveCfg = Debug|Any CPU
		{B4111428-9FD7-4433-A578-396EF5FF6C9B}.Debug|Any CPU.Build.0 = Debug|Any CPU
		{B4111428-9FD7-4433-A578-396EF5FF6C9B}.Release|Any CPU.ActiveCfg = Release|Any CPU
		{B4111428-9FD7-4433-A578-396EF5FF6C9B}.Release|Any CPU.Build.0 = Release|Any CPU
	EndGlobalSection
	GlobalSection(SolutionProperties) = preSolution
		HideSolutionNode = FALSE
	EndGlobalSection
	GlobalSection(ExtensibilityGlobals) = postSolution
		SolutionGuid = {94161E40-3737-4E15-97F3-7338E5061453}
	EndGlobalSection
EndGlobal
