
Microsoft Visual Studio Solution File, Format Version 12.00
# Visual Studio 15
VisualStudioVersion = 15.0.28307.572
MinimumVisualStudioVersion = 10.0.40219.1
Project("{9A19103F-16F7-4668-BE54-9A1E7A4F7556}") = "1.SmallestOfThreeNumbers", "1.SmallestOfThreeNumbers\1.SmallestOfThreeNumbers.csproj", "{7DA9F209-7809-4927-9EF2-CF38BAA0DB8E}"
EndProject
Project("{9A19103F-16F7-4668-BE54-9A1E7A4F7556}") = "2.VowelsCount", "2.VowelsCount\2.VowelsCount.csproj", "{945BED6F-A0BD-4867-A775-8EB06CC5D326}"
EndProject
Project("{9A19103F-16F7-4668-BE54-9A1E7A4F7556}") = "3.CharactersInRange", "3.CharactersInRange\3.CharactersInRange.csproj", "{479FA39B-8A00-416D-A042-2FA6C4533864}"
EndProject
Project("{9A19103F-16F7-4668-BE54-9A1E7A4F7556}") = "4.PasswordValidator", "4.PasswordValidator\4.PasswordValidator.csproj", "{975C8ADB-80F5-4C46-A8A1-DD7EC5D93E43}"
EndProject
Project("{9A19103F-16F7-4668-BE54-9A1E7A4F7556}") = "5.AddAndSubtract", "5.AddAndSubtract\5.AddAndSubtract.csproj", "{36027480-E53E-49C6-AC44-5653023C778E}"
EndProject
Project("{9A19103F-16F7-4668-BE54-9A1E7A4F7556}") = "6.MiddleCharacter", "6.MiddleCharacter\6.MiddleCharacter.csproj", "{EE241891-5F36-41AC-97EB-150E596C5C6F}"
EndProject
Project("{9A19103F-16F7-4668-BE54-9A1E7A4F7556}") = "7.NxNMatrix", "7.NxNMatrix\7.NxNMatrix.csproj", "{A0BAA61F-F493-404B-8F73-0B3B4FE6F39E}"
EndProject
Project("{9A19103F-16F7-4668-BE54-9A1E7A4F7556}") = "8.FactorialDivision", "8.FactorialDivision\8.FactorialDivision.csproj", "{7C86A907-6C9E-4879-882C-6869380CB131}"
EndProject
Project("{9A19103F-16F7-4668-BE54-9A1E7A4F7556}") = "9.PalindromeIntegers", "9.PalindromeIntegers\9.PalindromeIntegers.csproj", "{F63D56E9-6642-4F32-B35E-CF4D8598BA6C}"
EndProject
Project("{9A19103F-16F7-4668-BE54-9A1E7A4F7556}") = "10.TopNumber", "10.TopNumber\10.TopNumber.csproj", "{84778672-9D17-44AC-B253-DFA520564E2E}"
EndProject
Project("{FAE04EC0-301F-11D3-BF4B-00C04F79EFBC}") = "11.ArrayManipulator", "11.ArrayManipulator\11.ArrayManipulator.csproj", "{54AB6696-4DA5-4B11-A4E4-396F49EA568E}"
EndProject
Global
	GlobalSection(SolutionConfigurationPlatforms) = preSolution
		Debug|Any CPU = Debug|Any CPU
		Release|Any CPU = Release|Any CPU
	EndGlobalSection
	GlobalSection(ProjectConfigurationPlatforms) = postSolution
		{7DA9F209-7809-4927-9EF2-CF38BAA0DB8E}.Debug|Any CPU.ActiveCfg = Debug|Any CPU
		{7DA9F209-7809-4927-9EF2-CF38BAA0DB8E}.Debug|Any CPU.Build.0 = Debug|Any CPU
		{7DA9F209-7809-4927-9EF2-CF38BAA0DB8E}.Release|Any CPU.ActiveCfg = Release|Any CPU
		{7DA9F209-7809-4927-9EF2-CF38BAA0DB8E}.Release|Any CPU.Build.0 = Release|Any CPU
		{945BED6F-A0BD-4867-A775-8EB06CC5D326}.Debug|Any CPU.ActiveCfg = Debug|Any CPU
		{945BED6F-A0BD-4867-A775-8EB06CC5D326}.Debug|Any CPU.Build.0 = Debug|Any CPU
		{945BED6F-A0BD-4867-A775-8EB06CC5D326}.Release|Any CPU.ActiveCfg = Release|Any CPU
		{945BED6F-A0BD-4867-A775-8EB06CC5D326}.Release|Any CPU.Build.0 = Release|Any CPU
		{479FA39B-8A00-416D-A042-2FA6C4533864}.Debug|Any CPU.ActiveCfg = Debug|Any CPU
		{479FA39B-8A00-416D-A042-2FA6C4533864}.Debug|Any CPU.Build.0 = Debug|Any CPU
		{479FA39B-8A00-416D-A042-2FA6C4533864}.Release|Any CPU.ActiveCfg = Release|Any CPU
		{479FA39B-8A00-416D-A042-2FA6C4533864}.Release|Any CPU.Build.0 = Release|Any CPU
		{975C8ADB-80F5-4C46-A8A1-DD7EC5D93E43}.Debug|Any CPU.ActiveCfg = Debug|Any CPU
		{975C8ADB-80F5-4C46-A8A1-DD7EC5D93E43}.Debug|Any CPU.Build.0 = Debug|Any CPU
		{975C8ADB-80F5-4C46-A8A1-DD7EC5D93E43}.Release|Any CPU.ActiveCfg = Release|Any CPU
		{975C8ADB-80F5-4C46-A8A1-DD7EC5D93E43}.Release|Any CPU.Build.0 = Release|Any CPU
		{36027480-E53E-49C6-AC44-5653023C778E}.Debug|Any CPU.ActiveCfg = Debug|Any CPU
		{36027480-E53E-49C6-AC44-5653023C778E}.Debug|Any CPU.Build.0 = Debug|Any CPU
		{36027480-E53E-49C6-AC44-5653023C778E}.Release|Any CPU.ActiveCfg = Release|Any CPU
		{36027480-E53E-49C6-AC44-5653023C778E}.Release|Any CPU.Build.0 = Release|Any CPU
		{EE241891-5F36-41AC-97EB-150E596C5C6F}.Debug|Any CPU.ActiveCfg = Debug|Any CPU
		{EE241891-5F36-41AC-97EB-150E596C5C6F}.Debug|Any CPU.Build.0 = Debug|Any CPU
		{EE241891-5F36-41AC-97EB-150E596C5C6F}.Release|Any CPU.ActiveCfg = Release|Any CPU
		{EE241891-5F36-41AC-97EB-150E596C5C6F}.Release|Any CPU.Build.0 = Release|Any CPU
		{A0BAA61F-F493-404B-8F73-0B3B4FE6F39E}.Debug|Any CPU.ActiveCfg = Debug|Any CPU
		{A0BAA61F-F493-404B-8F73-0B3B4FE6F39E}.Debug|Any CPU.Build.0 = Debug|Any CPU
		{A0BAA61F-F493-404B-8F73-0B3B4FE6F39E}.Release|Any CPU.ActiveCfg = Release|Any CPU
		{A0BAA61F-F493-404B-8F73-0B3B4FE6F39E}.Release|Any CPU.Build.0 = Release|Any CPU
		{7C86A907-6C9E-4879-882C-6869380CB131}.Debug|Any CPU.ActiveCfg = Debug|Any CPU
		{7C86A907-6C9E-4879-882C-6869380CB131}.Debug|Any CPU.Build.0 = Debug|Any CPU
		{7C86A907-6C9E-4879-882C-6869380CB131}.Release|Any CPU.ActiveCfg = Release|Any CPU
		{7C86A907-6C9E-4879-882C-6869380CB131}.Release|Any CPU.Build.0 = Release|Any CPU
		{F63D56E9-6642-4F32-B35E-CF4D8598BA6C}.Debug|Any CPU.ActiveCfg = Debug|Any CPU
		{F63D56E9-6642-4F32-B35E-CF4D8598BA6C}.Debug|Any CPU.Build.0 = Debug|Any CPU
		{F63D56E9-6642-4F32-B35E-CF4D8598BA6C}.Release|Any CPU.ActiveCfg = Release|Any CPU
		{F63D56E9-6642-4F32-B35E-CF4D8598BA6C}.Release|Any CPU.Build.0 = Release|Any CPU
		{84778672-9D17-44AC-B253-DFA520564E2E}.Debug|Any CPU.ActiveCfg = Debug|Any CPU
		{84778672-9D17-44AC-B253-DFA520564E2E}.Debug|Any CPU.Build.0 = Debug|Any CPU
		{84778672-9D17-44AC-B253-DFA520564E2E}.Release|Any CPU.ActiveCfg = Release|Any CPU
		{84778672-9D17-44AC-B253-DFA520564E2E}.Release|Any CPU.Build.0 = Release|Any CPU
		{54AB6696-4DA5-4B11-A4E4-396F49EA568E}.Debug|Any CPU.ActiveCfg = Debug|Any CPU
		{54AB6696-4DA5-4B11-A4E4-396F49EA568E}.Debug|Any CPU.Build.0 = Debug|Any CPU
		{54AB6696-4DA5-4B11-A4E4-396F49EA568E}.Release|Any CPU.ActiveCfg = Release|Any CPU
		{54AB6696-4DA5-4B11-A4E4-396F49EA568E}.Release|Any CPU.Build.0 = Release|Any CPU
	EndGlobalSection
	GlobalSection(SolutionProperties) = preSolution
		HideSolutionNode = FALSE
	EndGlobalSection
	GlobalSection(ExtensibilityGlobals) = postSolution
		SolutionGuid = {BCC6020F-192F-444B-AA5A-D835D60F9A31}
	EndGlobalSection
EndGlobal
