
Microsoft Visual Studio Solution File, Format Version 12.00
# Visual Studio Version 16
VisualStudioVersion = 16.0.29709.97
MinimumVisualStudioVersion = 10.0.40219.1
Project("{9A19103F-16F7-4668-BE54-9A1E7A4F7556}") = "P01.PersonInfo", "P01.PersonInfo\P01.PersonInfo.csproj", "{5CAEAAEF-75BB-4953-B007-8D9359FD8852}"
EndProject
Project("{9A19103F-16F7-4668-BE54-9A1E7A4F7556}") = "P03.Telephony", "P03.Telephony\P03.Telephony.csproj", "{2B9D9ED7-8C27-4D5B-A8DE-9AF8C067F579}"
EndProject
Project("{9A19103F-16F7-4668-BE54-9A1E7A4F7556}") = "P04.BorderControl", "P04.BorderControl\P04.BorderControl.csproj", "{E8038F8E-4018-4577-B05F-8474B73685B9}"
EndProject
Project("{9A19103F-16F7-4668-BE54-9A1E7A4F7556}") = "P05.BirthdayCelebrations", "P05.BirthdayCelebrations\P05.BirthdayCelebrations.csproj", "{8780A650-D2FA-4118-AB0F-DBD8BF45EA6C}"
EndProject
Project("{9A19103F-16F7-4668-BE54-9A1E7A4F7556}") = "P08.CollectionHierarchy", "P08.CollectionHierarchy\P08.CollectionHierarchy.csproj", "{4625C8B6-2590-4583-B533-5C1974C57194}"
EndProject
Project("{FAE04EC0-301F-11D3-BF4B-00C04F79EFBC}") = "P09.ExplicitInterfaces", "P09.ExplicitInterfaces\P09.ExplicitInterfaces.csproj", "{560CC7E4-CBB5-4C55-8C56-0FC6F5DF3FB6}"
EndProject
Project("{FAE04EC0-301F-11D3-BF4B-00C04F79EFBC}") = "P07.MilitaryElite", "P07.MilitaryElite\P07.MilitaryElite.csproj", "{901BCA89-494B-413C-882B-3627AA9C9946}"
EndProject
Global
	GlobalSection(SolutionConfigurationPlatforms) = preSolution
		Debug|Any CPU = Debug|Any CPU
		Release|Any CPU = Release|Any CPU
	EndGlobalSection
	GlobalSection(ProjectConfigurationPlatforms) = postSolution
		{5CAEAAEF-75BB-4953-B007-8D9359FD8852}.Debug|Any CPU.ActiveCfg = Debug|Any CPU
		{5CAEAAEF-75BB-4953-B007-8D9359FD8852}.Debug|Any CPU.Build.0 = Debug|Any CPU
		{5CAEAAEF-75BB-4953-B007-8D9359FD8852}.Release|Any CPU.ActiveCfg = Release|Any CPU
		{5CAEAAEF-75BB-4953-B007-8D9359FD8852}.Release|Any CPU.Build.0 = Release|Any CPU
		{2B9D9ED7-8C27-4D5B-A8DE-9AF8C067F579}.Debug|Any CPU.ActiveCfg = Debug|Any CPU
		{2B9D9ED7-8C27-4D5B-A8DE-9AF8C067F579}.Debug|Any CPU.Build.0 = Debug|Any CPU
		{2B9D9ED7-8C27-4D5B-A8DE-9AF8C067F579}.Release|Any CPU.ActiveCfg = Release|Any CPU
		{2B9D9ED7-8C27-4D5B-A8DE-9AF8C067F579}.Release|Any CPU.Build.0 = Release|Any CPU
		{E8038F8E-4018-4577-B05F-8474B73685B9}.Debug|Any CPU.ActiveCfg = Debug|Any CPU
		{E8038F8E-4018-4577-B05F-8474B73685B9}.Debug|Any CPU.Build.0 = Debug|Any CPU
		{E8038F8E-4018-4577-B05F-8474B73685B9}.Release|Any CPU.ActiveCfg = Release|Any CPU
		{E8038F8E-4018-4577-B05F-8474B73685B9}.Release|Any CPU.Build.0 = Release|Any CPU
		{8780A650-D2FA-4118-AB0F-DBD8BF45EA6C}.Debug|Any CPU.ActiveCfg = Debug|Any CPU
		{8780A650-D2FA-4118-AB0F-DBD8BF45EA6C}.Debug|Any CPU.Build.0 = Debug|Any CPU
		{8780A650-D2FA-4118-AB0F-DBD8BF45EA6C}.Release|Any CPU.ActiveCfg = Release|Any CPU
		{8780A650-D2FA-4118-AB0F-DBD8BF45EA6C}.Release|Any CPU.Build.0 = Release|Any CPU
		{4625C8B6-2590-4583-B533-5C1974C57194}.Debug|Any CPU.ActiveCfg = Debug|Any CPU
		{4625C8B6-2590-4583-B533-5C1974C57194}.Debug|Any CPU.Build.0 = Debug|Any CPU
		{4625C8B6-2590-4583-B533-5C1974C57194}.Release|Any CPU.ActiveCfg = Release|Any CPU
		{4625C8B6-2590-4583-B533-5C1974C57194}.Release|Any CPU.Build.0 = Release|Any CPU
		{560CC7E4-CBB5-4C55-8C56-0FC6F5DF3FB6}.Debug|Any CPU.ActiveCfg = Debug|Any CPU
		{560CC7E4-CBB5-4C55-8C56-0FC6F5DF3FB6}.Debug|Any CPU.Build.0 = Debug|Any CPU
		{560CC7E4-CBB5-4C55-8C56-0FC6F5DF3FB6}.Release|Any CPU.ActiveCfg = Release|Any CPU
		{560CC7E4-CBB5-4C55-8C56-0FC6F5DF3FB6}.Release|Any CPU.Build.0 = Release|Any CPU
		{901BCA89-494B-413C-882B-3627AA9C9946}.Debug|Any CPU.ActiveCfg = Debug|Any CPU
		{901BCA89-494B-413C-882B-3627AA9C9946}.Debug|Any CPU.Build.0 = Debug|Any CPU
		{901BCA89-494B-413C-882B-3627AA9C9946}.Release|Any CPU.ActiveCfg = Release|Any CPU
		{901BCA89-494B-413C-882B-3627AA9C9946}.Release|Any CPU.Build.0 = Release|Any CPU
	EndGlobalSection
	GlobalSection(SolutionProperties) = preSolution
		HideSolutionNode = FALSE
	EndGlobalSection
	GlobalSection(ExtensibilityGlobals) = postSolution
		SolutionGuid = {98268A4F-31FD-4C8A-97EE-A51692A938C0}
	EndGlobalSection
EndGlobal
