
Microsoft Visual Studio Solution File, Format Version 12.00
# Visual Studio Version 16
VisualStudioVersion = 16.0.29709.97
MinimumVisualStudioVersion = 10.0.40219.1
Project("{9A19103F-16F7-4668-BE54-9A1E7A4F7556}") = "P01.Person", "P01.Person\P01.Person.csproj", "{B3C1EA20-A4B6-44A9-98D9-5C8201345C32}"
EndProject
Project("{FAE04EC0-301F-11D3-BF4B-00C04F79EFBC}") = "Animal", "Animal\Animal.csproj", "{FC1780AA-3D0E-4A9A-9BB8-C33BDF457006}"
EndProject
Global
	GlobalSection(SolutionConfigurationPlatforms) = preSolution
		Debug|Any CPU = Debug|Any CPU
		Release|Any CPU = Release|Any CPU
	EndGlobalSection
	GlobalSection(ProjectConfigurationPlatforms) = postSolution
		{B3C1EA20-A4B6-44A9-98D9-5C8201345C32}.Debug|Any CPU.ActiveCfg = Debug|Any CPU
		{B3C1EA20-A4B6-44A9-98D9-5C8201345C32}.Debug|Any CPU.Build.0 = Debug|Any CPU
		{B3C1EA20-A4B6-44A9-98D9-5C8201345C32}.Release|Any CPU.ActiveCfg = Release|Any CPU
		{B3C1EA20-A4B6-44A9-98D9-5C8201345C32}.Release|Any CPU.Build.0 = Release|Any CPU
		{FC1780AA-3D0E-4A9A-9BB8-C33BDF457006}.Debug|Any CPU.ActiveCfg = Debug|Any CPU
		{FC1780AA-3D0E-4A9A-9BB8-C33BDF457006}.Debug|Any CPU.Build.0 = Debug|Any CPU
		{FC1780AA-3D0E-4A9A-9BB8-C33BDF457006}.Release|Any CPU.ActiveCfg = Release|Any CPU
		{FC1780AA-3D0E-4A9A-9BB8-C33BDF457006}.Release|Any CPU.Build.0 = Release|Any CPU
	EndGlobalSection
	GlobalSection(SolutionProperties) = preSolution
		HideSolutionNode = FALSE
	EndGlobalSection
	GlobalSection(ExtensibilityGlobals) = postSolution
		SolutionGuid = {A6572B05-82B7-48FA-AA8C-244B61AACD3E}
	EndGlobalSection
EndGlobal
