
Microsoft Visual Studio Solution File, Format Version 12.00
# Visual Studio 15
VisualStudioVersion = 15.0.28307.572
MinimumVisualStudioVersion = 10.0.40219.1
Project("{9A19103F-16F7-4668-BE54-9A1E7A4F7556}") = "1.MatchFullName", "1.MatchFullName\1.MatchFullName.csproj", "{E80DAA49-519E-4226-9B18-0A0F3A26E43E}"
EndProject
Project("{FAE04EC0-301F-11D3-BF4B-00C04F79EFBC}") = "2.MatchDates", "2.MatchDates\2.MatchDates.csproj", "{3B8252F3-2BFD-47DA-8126-152EE92E23EB}"
EndProject
Global
	GlobalSection(SolutionConfigurationPlatforms) = preSolution
		Debug|Any CPU = Debug|Any CPU
		Release|Any CPU = Release|Any CPU
	EndGlobalSection
	GlobalSection(ProjectConfigurationPlatforms) = postSolution
		{E80DAA49-519E-4226-9B18-0A0F3A26E43E}.Debug|Any CPU.ActiveCfg = Debug|Any CPU
		{E80DAA49-519E-4226-9B18-0A0F3A26E43E}.Debug|Any CPU.Build.0 = Debug|Any CPU
		{E80DAA49-519E-4226-9B18-0A0F3A26E43E}.Release|Any CPU.ActiveCfg = Release|Any CPU
		{E80DAA49-519E-4226-9B18-0A0F3A26E43E}.Release|Any CPU.Build.0 = Release|Any CPU
		{3B8252F3-2BFD-47DA-8126-152EE92E23EB}.Debug|Any CPU.ActiveCfg = Debug|Any CPU
		{3B8252F3-2BFD-47DA-8126-152EE92E23EB}.Debug|Any CPU.Build.0 = Debug|Any CPU
		{3B8252F3-2BFD-47DA-8126-152EE92E23EB}.Release|Any CPU.ActiveCfg = Release|Any CPU
		{3B8252F3-2BFD-47DA-8126-152EE92E23EB}.Release|Any CPU.Build.0 = Release|Any CPU
	EndGlobalSection
	GlobalSection(SolutionProperties) = preSolution
		HideSolutionNode = FALSE
	EndGlobalSection
	GlobalSection(ExtensibilityGlobals) = postSolution
		SolutionGuid = {F6512993-F8E3-4D91-BC9B-0CD3EEE11C54}
	EndGlobalSection
EndGlobal
